{
  "nodes": {
    "hacl-star": {
      "flake": false,
      "locked": {
        "lastModified": 1775835684,
        "narHash": "sha256-21K3DE3Bogk8q4315NjRP+jcIxxZktyqhaUQDXFfwAQ=",
        "owner": "hacl-star",
        "repo": "hacl-star",
        "rev": "504c2987452f87fe44bce9b9f12e19d6e051761f",
        "type": "github"
      },
      "original": {
        "owner": "hacl-star",
        "repo": "hacl-star",
        "rev": "504c2987452f87fe44bce9b9f12e19d6e051761f",
        "type": "github"
      }
    },
    "nixpkgs": {
      "locked": {
        "lastModified": 1780243769,
        "narHash": "sha256-x5UQuRsH3MqI0U9afaXSNqzTPSeZlRLvFAav2Ux1pNw=",
        "owner": "NixOS",
        "repo": "nixpkgs",
        "rev": "331800de5053fcebacf6813adb5db9c9dca22a0c",
        "type": "github"
      },
      "original": {
        "owner": "NixOS",
        "ref": "nixos-unstable",
        "repo": "nixpkgs",
        "type": "github"
      }
    },
    "root": {
      "inputs": {
        "hacl-star": "hacl-star",
        "nixpkgs": "nixpkgs"
      }
    }
  },
  "root": "root",
  "version": 7
}
